
Microsoft Visual Studio Solution File, Format Version 12.00
# Visual Studio Version 16
VisualStudioVersion = 16.0.29709.97
MinimumVisualStudioVersion = 10.0.40219.1
Project("{FAE04EC0-301F-11D3-BF4B-00C04F79EFBC}") = "Mod Manager", "ModManager\Mod Manager.csproj", "{CCF4FDF6-C409-47D9-8F5E-C55D5A32365A}"
EndProject
Project("{FAE04EC0-301F-11D3-BF4B-00C04F79EFBC}") = "DiscordImageDownloader", "DiscordImageDownloader\DiscordImageDownloader.csproj", "{5EA8B1C6-7F91-49CC-B87C-400462547392}"
EndProject
Project("{FAE04EC0-301F-11D3-BF4B-00C04F79EFBC}") = "ChatLogHtmlifier", "ChatLogHtmlifier\ChatLogHtmlifier.csproj", "{8835E995-62D3-4F06-8646-710FC920D6CB}"
EndProject
Global
	GlobalSection(SolutionConfigurationPlatforms) = preSolution
		Debug|Any CPU = Debug|Any CPU
		Release|Any CPU = Release|Any CPU
	EndGlobalSection
	GlobalSection(ProjectConfigurationPlatforms) = postSolution
		{CCF4FDF6-C409-47D9-8F5E-C55D5A32365A}.Debug|Any CPU.ActiveCfg = Debug|Any CPU
		{CCF4FDF6-C409-47D9-8F5E-C55D5A32365A}.Debug|Any CPU.Build.0 = Debug|Any CPU
		{CCF4FDF6-C409-47D9-8F5E-C55D5A32365A}.Release|Any CPU.ActiveCfg = Release|Any CPU
		{CCF4FDF6-C409-47D9-8F5E-C55D5A32365A}.Release|Any CPU.Build.0 = Release|Any CPU
		{5EA8B1C6-7F91-49CC-B87C-400462547392}.Debug|Any CPU.ActiveCfg = Debug|Any CPU
		{5EA8B1C6-7F91-49CC-B87C-400462547392}.Debug|Any CPU.Build.0 = Debug|Any CPU
		{5EA8B1C6-7F91-49CC-B87C-400462547392}.Release|Any CPU.ActiveCfg = Release|Any CPU
		{5EA8B1C6-7F91-49CC-B87C-400462547392}.Release|Any CPU.Build.0 = Release|Any CPU
		{8835E995-62D3-4F06-8646-710FC920D6CB}.Debug|Any CPU.ActiveCfg = Debug|Any CPU
		{8835E995-62D3-4F06-8646-710FC920D6CB}.Debug|Any CPU.Build.0 = Debug|Any CPU
		{8835E995-62D3-4F06-8646-710FC920D6CB}.Release|Any CPU.ActiveCfg = Release|Any CPU
		{8835E995-62D3-4F06-8646-710FC920D6CB}.Release|Any CPU.Build.0 = Release|Any CPU
	EndGlobalSection
	GlobalSection(SolutionProperties) = preSolution
		HideSolutionNode = FALSE
	EndGlobalSection
	GlobalSection(ExtensibilityGlobals) = postSolution
		SolutionGuid = {101CABC0-6E9D-4386-9468-BD4005B3C849}
	EndGlobalSection
EndGlobal
